
Microsoft Visual Studio Solution File, Format Version 12.00
# Visual Studio Version 16
VisualStudioVersion = 16.0.31613.86
MinimumVisualStudioVersion = 10.0.40219.1
Project("{FAE04EC0-301F-11D3-BF4B-00C04F79EFBC}") = "Memcached", "Memcached\Memcached.csproj", "{DD1F0446-2A04-4E80-B06F-A3B663B490EF}"
EndProject
Global
	GlobalSection(SolutionConfigurationPlatforms) = preSolution
		Debug|Any CPU = Debug|Any CPU
		Release|Any CPU = Release|Any CPU
	EndGlobalSection
	GlobalSection(ProjectConfigurationPlatforms) = postSolution
		{DD1F0446-2A04-4E80-B06F-A3B663B490EF}.Debug|Any CPU.ActiveCfg = Debug|Any CPU
		{DD1F0446-2A04-4E80-B06F-A3B663B490EF}.Debug|Any CPU.Build.0 = Debug|Any CPU
		{DD1F0446-2A04-4E80-B06F-A3B663B490EF}.Release|Any CPU.ActiveCfg = Release|Any CPU
		{DD1F0446-2A04-4E80-B06F-A3B663B490EF}.Release|Any CPU.Build.0 = Release|Any CPU
	EndGlobalSection
	GlobalSection(SolutionProperties) = preSolution
		HideSolutionNode = FALSE
	EndGlobalSection
	GlobalSection(ExtensibilityGlobals) = postSolution
		SolutionGuid = {0768457E-0955-458A-86A3-368C4333B510}
	EndGlobalSection
EndGlobal
